
Microsoft Visual Studio Solution File, Format Version 12.00
# Visual Studio Version 17
VisualStudioVersion = 17.2.32616.157
MinimumVisualStudioVersion = 10.0.40219.1
Project("{FAE04EC0-301F-11D3-BF4B-00C04F79EFBC}") = "VirtualIdentities.Core", "VirtualIdentities.Core\VirtualIdentities.Core.csproj", "{2E127827-FA64-4FF6-A87B-36D07A439B78}"
EndProject
Global
	GlobalSection(SolutionConfigurationPlatforms) = preSolution
		Debug|Any CPU = Debug|Any CPU
		Release|Any CPU = Release|Any CPU
	EndGlobalSection
	GlobalSection(ProjectConfigurationPlatforms) = postSolution
		{2E127827-FA64-4FF6-A87B-36D07A439B78}.Debug|Any CPU.ActiveCfg = Debug|Any CPU
		{2E127827-FA64-4FF6-A87B-36D07A439B78}.Debug|Any CPU.Build.0 = Debug|Any CPU
		{2E127827-FA64-4FF6-A87B-36D07A439B78}.Release|Any CPU.ActiveCfg = Release|Any CPU
		{2E127827-FA64-4FF6-A87B-36D07A439B78}.Release|Any CPU.Build.0 = Release|Any CPU
	EndGlobalSection
	GlobalSection(SolutionProperties) = preSolution
		HideSolutionNode = FALSE
	EndGlobalSection
	GlobalSection(ExtensibilityGlobals) = postSolution
		SolutionGuid = {6B5801AD-7E22-4D30-A9BF-E4D7EE1A6B96}
	EndGlobalSection
EndGlobal
